
Microsoft Visual Studio Solution File, Format Version 12.00
# Visual Studio Version 16
VisualStudioVersion = 16.0.29613.14
MinimumVisualStudioVersion = 10.0.40219.1
Project("{FAE04EC0-301F-11D3-BF4B-00C04F79EFBC}") = "Employee.DAL", "EmployeeManagment\Employee.DAL.csproj", "{A3DCB948-A160-485C-999A-9EB30F2A5961}"
EndProject
Project("{FAE04EC0-301F-11D3-BF4B-00C04F79EFBC}") = "Employee.BLL", "Employee.BL\Employee.BLL.csproj", "{01DB1DB3-0AB6-4A6E-A436-126B5CCC1A30}"
EndProject
Project("{FAE04EC0-301F-11D3-BF4B-00C04F79EFBC}") = "Employee.WebAPI", "Employee.WebAPI\Employee.WebAPI.csproj", "{9885E1D4-7FA1-4E2B-9B04-4057C8D53CF6}"
EndProject
Global
	GlobalSection(SolutionConfigurationPlatforms) = preSolution
		Debug|Any CPU = Debug|Any CPU
		Release|Any CPU = Release|Any CPU
	EndGlobalSection
	GlobalSection(ProjectConfigurationPlatforms) = postSolution
		{A3DCB948-A160-485C-999A-9EB30F2A5961}.Debug|Any CPU.ActiveCfg = Debug|Any CPU
		{A3DCB948-A160-485C-999A-9EB30F2A5961}.Debug|Any CPU.Build.0 = Debug|Any CPU
		{A3DCB948-A160-485C-999A-9EB30F2A5961}.Release|Any CPU.ActiveCfg = Release|Any CPU
		{A3DCB948-A160-485C-999A-9EB30F2A5961}.Release|Any CPU.Build.0 = Release|Any CPU
		{01DB1DB3-0AB6-4A6E-A436-126B5CCC1A30}.Debug|Any CPU.ActiveCfg = Debug|Any CPU
		{01DB1DB3-0AB6-4A6E-A436-126B5CCC1A30}.Debug|Any CPU.Build.0 = Debug|Any CPU
		{01DB1DB3-0AB6-4A6E-A436-126B5CCC1A30}.Release|Any CPU.ActiveCfg = Release|Any CPU
		{01DB1DB3-0AB6-4A6E-A436-126B5CCC1A30}.Release|Any CPU.Build.0 = Release|Any CPU
		{9885E1D4-7FA1-4E2B-9B04-4057C8D53CF6}.Debug|Any CPU.ActiveCfg = Debug|Any CPU
		{9885E1D4-7FA1-4E2B-9B04-4057C8D53CF6}.Debug|Any CPU.Build.0 = Debug|Any CPU
		{9885E1D4-7FA1-4E2B-9B04-4057C8D53CF6}.Release|Any CPU.ActiveCfg = Release|Any CPU
		{9885E1D4-7FA1-4E2B-9B04-4057C8D53CF6}.Release|Any CPU.Build.0 = Release|Any CPU
	EndGlobalSection
	GlobalSection(SolutionProperties) = preSolution
		HideSolutionNode = FALSE
	EndGlobalSection
	GlobalSection(ExtensibilityGlobals) = postSolution
		SolutionGuid = {8A83A75E-10AC-4662-A12C-519BFD9E46D6}
	EndGlobalSection
EndGlobal
